// !$*UTF8*$!
{
	archiveVersion = 1;
	classes = {
	};
	objectVersion = 51;
	objects = {

/* Begin PBXBuildFile section */
		6B4243A29D01880CBBDB52C9 /* Pods_kingFisherPrac.framework in Frameworks */ = {isa = PBXBuildFile; fileRef = 72C7E4A6FB577F67CB7863CD /* Pods_kingFisherPrac.framework */; };
		EA667B842490BAE900BFF0BA /* AppDelegate.swift in Sources */ = {isa = PBXBuildFile; fileRef = EA667B832490BAE900BFF0BA /* AppDelegate.swift */; };
		EA667B862490BAE900BFF0BA /* SceneDelegate.swift in Sources */ = {isa = PBXBuildFile; fileRef = EA667B852490BAE900BFF0BA /* SceneDelegate.swift */; };
		EA667B882490BAE900BFF0BA /* ViewController.swift in Sources */ = {isa = PBXBuildFile; fileRef = EA667B872490BAE900BFF0BA /* ViewController.swift */; };
		EA667B8B2490BAE900BFF0BA /* Main.storyboard in Resources */ = {isa = PBXBuildFile; fileRef = EA667B892490BAE900BFF0BA /* Main.storyboard */; };
		EA667B8D2490BAE900BFF0BA /* Assets.xcassets in Resources */ = {isa = PBXBuildFile; fileRef = EA667B8C2490BAE900BFF0BA /* Assets.xcassets */; };
		EA667B902490BAE900BFF0BA /* LaunchScreen.storyboard in Resources */ = {isa = PBXBuildFile; fileRef = EA667B8E2490BAE900BFF0BA /* LaunchScreen.storyboard */; };
		EA667B982490BBE800BFF0BA /* Images.swift in Sources */ = {isa = PBXBuildFile; fileRef = EA667B972490BBE800BFF0BA /* Images.swift */; };
/* End PBXBuildFile section */

/* Begin PBXFileReference section */
		0C1793D656EF8501264F9719 /* Pods-kingFisherPrac.debug.xcconfig */ = {isa = PBXFileReference; includeInIndex = 1; lastKnownFileType = text.xcconfig; name = "Pods-kingFisherPrac.debug.xcconfig"; path = "Target Support Files/Pods-kingFisherPrac/Pods-kingFisherPrac.debug.xcconfig"; sourceTree = "<group>"; };
		72C7E4A6FB577F67CB7863CD /* Pods_kingFisherPrac.framework */ = {isa = PBXFileReference; explicitFileType = wrapper.framework; includeInIndex = 0; path = Pods_kingFisherPrac.framework; sourceTree = BUILT_PRODUCTS_DIR; };
		EA667B802490BAE900BFF0BA /* kingFisherPrac.app */ = {isa = PBXFileReference; explicitFileType = wrapper.application; includeInIndex = 0; path = kingFisherPrac.app; sourceTree = BUILT_PRODUCTS_DIR; };
		EA667B832490BAE900BFF0BA /* AppDelegate.swift */ = {isa = PBXFileReference; lastKnownFileType = sourcecode.swift; path = AppDelegate.swift; sourceTree = "<group>"; };
		EA667B852490BAE900BFF0BA /* SceneDelegate.swift */ = {isa = PBXFileReference; lastKnownFileType = sourcecode.swift; path = SceneDelegate.swift; sourceTree = "<group>"; };
		EA667B872490BAE900BFF0BA /* ViewController.swift */ = {isa = PBXFileReference; lastKnownFileType = sourcecode.swift; path = ViewController.swift; sourceTree = "<group>"; };
		EA667B8A2490BAE900BFF0BA /* Base */ = {isa = PBXFileReference; lastKnownFileType = file.storyboard; name = Base; path = Base.lproj/Main.storyboard; sourceTree = "<group>"; };
		EA667B8C2490BAE900BFF0BA /* Assets.xcassets */ = {isa = PBXFileReference; lastKnownFileType = folder.assetcatalog; path = Assets.xcassets; sourceTree = "<group>"; };
		EA667B8F2490BAE900BFF0BA /* Base */ = {isa = PBXFileReference; lastKnownFileType = file.storyboard; name = Base; path = Base.lproj/LaunchScreen.storyboard; sourceTree = "<group>"; };
		EA667B912490BAE900BFF0BA /* Info.plist */ = {isa = PBXFileReference; lastKnownFileType = text.plist.xml; path = Info.plist; sourceTree = "<group>"; };
		EA667B972490BBE800BFF0BA /* Images.swift */ = {isa = PBXFileReference; lastKnownFileType = sourcecode.swift; path = Images.swift; sourceTree = "<group>"; };
		EAB8D2D59215AF9771EA09B6 /* Pods-kingFisherPrac.release.xcconfig */ = {isa = PBXFileReference; includeInIndex = 1; lastKnownFileType = text.xcconfig; name = "Pods-kingFisherPrac.release.xcconfig"; path = "Target Support Files/Pods-kingFisherPrac/Pods-kingFisherPrac.release.xcconfig"; sourceTree = "<group>"; };
/* End PBXFileReference section */

/* Begin PBXFrameworksBuildPhase section */
		EA667B7D2490BAE900BFF0BA /* Frameworks */ = {
			isa = PBXFrameworksBuildPhase;
			buildActionMask = 2147483647;
			files = (
				6B4243A29D01880CBBDB52C9 /* Pods_kingFisherPrac.framework in Frameworks */,
			);
			runOnlyForDeploymentPostprocessing = 0;
		};
/* End PBXFrameworksBuildPhase section */

/* Begin PBXGroup section */
		B88E77C489F5B8C345DABEC2 /* Pods */ = {
			isa = PBXGroup;
			children = (
				0C1793D656EF8501264F9719 /* Pods-kingFisherPrac.debug.xcconfig */,
				EAB8D2D59215AF9771EA09B6 /* Pods-kingFisherPrac.release.xcconfig */,
			);
			path = Pods;
			sourceTree = "<group>";
		};
		D259C28DF36A953481B04CAA /* Frameworks */ = {
			isa = PBXGroup;
			children = (
				72C7E4A6FB577F67CB7863CD /* Pods_kingFisherPrac.framework */,
			);
			name = Frameworks;
			sourceTree = "<group>";
		};
		EA667B772490BAE900BFF0BA = {
			isa = PBXGroup;
			children = (
				EA667B822490BAE900BFF0BA /* kingFisherPrac */,
				EA667B812490BAE900BFF0BA /* Products */,
				B88E77C489F5B8C345DABEC2 /* Pods */,
				D259C28DF36A953481B04CAA /* Frameworks */,
			);
			sourceTree = "<group>";
		};
		EA667B812490BAE900BFF0BA /* Products */ = {
			isa = PBXGroup;
			children = (
				EA667B802490BAE900BFF0BA /* kingFisherPrac.app */,
			);
			name = Products;
			sourceTree = "<group>";
		};
		EA667B822490BAE900BFF0BA /* kingFisherPrac */ = {
			isa = PBXGroup;
			children = (
				EA667B832490BAE900BFF0BA /* AppDelegate.swift */,
				EA667B852490BAE900BFF0BA /* SceneDelegate.swift */,
				EA667B872490BAE900BFF0BA /* ViewController.swift */,
				EA667B892490BAE900BFF0BA /* Main.storyboard */,
				EA667B8C2490BAE900BFF0BA /* Assets.xcassets */,
				EA667B8E2490BAE900BFF0BA /* LaunchScreen.storyboard */,
				EA667B912490BAE900BFF0BA /* Info.plist */,
				EA667B972490BBE800BFF0BA /* Images.swift */,
			);
			path = kingFisherPrac;
			sourceTree = "<group>";
		};
/* End PBXGroup section */

/* Begin PBXNativeTarget section */
		EA667B7F2490BAE900BFF0BA /* kingFisherPrac */ = {
			isa = PBXNativeTarget;
			buildConfigurationList = EA667B942490BAE900BFF0BA /* Build configuration list for PBXNativeTarget "kingFisherPrac" */;
			buildPhases = (
				E0300B96EAC113741AA33F5B /* [CP] Check Pods Manifest.lock */,
				EA667B7C2490BAE900BFF0BA /* Sources */,
				EA667B7D2490BAE900BFF0BA /* Frameworks */,
				EA667B7E2490BAE900BFF0BA /* Resources */,
				106178E0CC5CBBF5B700144F /* [CP] Embed Pods Frameworks */,
			);
			buildRules = (
			);
			dependencies = (
			);
			name = kingFisherPrac;
			productName = kingFisherPrac;
			productReference = EA667B802490BAE900BFF0BA /* kingFisherPrac.app */;
			productType = "com.apple.product-type.application";
		};
/* End PBXNativeTarget section */

/* Begin PBXProject section */
		EA667B782490BAE900BFF0BA /* Project object */ = {
			isa = PBXProject;
			attributes = {
				LastSwiftUpdateCheck = 1150;
				LastUpgradeCheck = 1150;
				ORGANIZATIONNAME = "권성우";
				TargetAttributes = {
					EA667B7F2490BAE900BFF0BA = {
						CreatedOnToolsVersion = 11.5;
					};
				};
			};
			buildConfigurationList = EA667B7B2490BAE900BFF0BA /* Build configuration list for PBXProject "kingFisherPrac" */;
			compatibilityVersion = "Xcode 9.3";
			developmentRegion = en;
			hasScannedForEncodings = 0;
			knownRegions = (
				en,
				Base,
			);
			mainGroup = EA667B772490BAE900BFF0BA;
			productRefGroup = EA667B812490BAE900BFF0BA /* Products */;
			projectDirPath = "";
			projectRoot = "";
			targets = (
				EA667B7F2490BAE900BFF0BA /* kingFisherPrac */,
			);
		};
/* End PBXProject section */

/* Begin PBXResourcesBuildPhase section */
		EA667B7E2490BAE900BFF0BA /* Resources */ = {
			isa = PBXResourcesBuildPhase;
			buildActionMask = 2147483647;
			files = (
				EA667B902490BAE900BFF0BA /* LaunchScreen.storyboard in Resources */,
				EA667B8D2490BAE900BFF0BA /* Assets.xcassets in Resources */,
				EA667B8B2490BAE900BFF0BA /* Main.storyboard in Resources */,
			);
			runOnlyForDeploymentPostprocessing = 0;
		};
/* End PBXResourcesBuildPhase section */

/* Begin PBXShellScriptBuildPhase section */
		106178E0CC5CBBF5B700144F /* [CP] Embed Pods Frameworks */ = {
			isa = PBXShellScriptBuildPhase;
			buildActionMask = 2147483647;
			files = (
			);
			inputFileListPaths = (
				"${PODS_ROOT}/Target Support Files/Pods-kingFisherPrac/Pods-kingFisherPrac-frameworks-${CONFIGURATION}-input-files.xcfilelist",
			);
			name = "[CP] Embed Pods Frameworks";
			outputFileListPaths = (
				"${PODS_ROOT}/Target Support Files/Pods-kingFisherPrac/Pods-kingFisherPrac-frameworks-${CONFIGURATION}-output-files.xcfilelist",
			);
			runOnlyForDeploymentPostprocessing = 0;
			shellPath = /bin/sh;
			shellScript = "\"${PODS_ROOT}/Target Support Files/Pods-kingFisherPrac/Pods-kingFisherPrac-frameworks.sh\"\n";
			showEnvVarsInLog = 0;
		};
		E0300B96EAC113741AA33F5B /* [CP] Check Pods Manifest.lock */ = {
			isa = PBXShellScriptBuildPhase;
			buildActionMask = 2147483647;
			files = (
			);
			inputFileListPaths = (
			);
			inputPaths = (
				"${PODS_PODFILE_DIR_PATH}/Podfile.lock",
				"${PODS_ROOT}/Manifest.lock",
			);
			name = "[CP] Check Pods Manifest.lock";
			outputFileListPaths = (
			);
			outputPaths = (
				"$(DERIVED_FILE_DIR)/Pods-kingFisherPrac-checkManifestLockResult.txt",
			);
			runOnlyForDeploymentPostprocessing = 0;
			shellPath = /bin/sh;
			shellScript = "diff \"${PODS_PODFILE_DIR_PATH}/Podfile.lock\" \"${PODS_ROOT}/Manifest.lock\" > /dev/null\nif [ $? != 0 ] ; then\n    # print error to STDERR\n    echo \"error: The sandbox is not in sync with the Podfile.lock. Run 'pod install' or update your CocoaPods installation.\" >&2\n    exit 1\nfi\n# This output is used by Xcode 'outputs' to avoid re-running this script phase.\necho \"SUCCESS\" > \"${SCRIPT_OUTPUT_FILE_0}\"\n";
			showEnvVarsInLog = 0;
		};
/* End PBXShellScriptBuildPhase section */

/* Begin PBXSourcesBuildPhase section */
		EA667B7C2490BAE900BFF0BA /* Sources */ = {
			isa = PBXSourcesBuildPhase;
			buildActionMask = 2147483647;
			files = (
				EA667B882490BAE900BFF0BA /* ViewController.swift in Sources */,
				EA667B982490BBE800BFF0BA /* Images.swift in Sources */,
				EA667B842490BAE900BFF0BA /* AppDelegate.swift in Sources */,
				EA667B862490BAE900BFF0BA /* SceneDelegate.swift in Sources */,
			);
			runOnlyForDeploymentPostprocessing = 0;
		};
/* End PBXSourcesBuildPhase section */

/* Begin PBXVariantGroup section */
		EA667B892490BAE900BFF0BA /* Main.storyboard */ = {
			isa = PBXVariantGroup;
			children = (
				EA667B8A2490BAE900BFF0BA /* Base */,
			);
			name = Main.storyboard;
			sourceTree = "<group>";
		};
		EA667B8E2490BAE900BFF0BA /* LaunchScreen.storyboard */ = {
			isa = PBXVariantGroup;
			children = (
				EA667B8F2490BAE900BFF0BA /* Base */,
			);
			name = LaunchScreen.storyboard;
			sourceTree = "<group>";
		};
/* End PBXVariantGroup section */

/* Begin XCBuildConfiguration section */
		EA667B922490BAE900BFF0BA /* Debug */ = {
			isa = XCBuildConfiguration;
			buildSettings = {
				ALWAYS_SEARCH_USER_PATHS = NO;
				CLANG_ANALYZER_NONNULL = YES;
				CLANG_ANALYZER_NUMBER_OBJECT_CONVERSION = YES_AGGRESSIVE;
				CLANG_CXX_LANGUAGE_STANDARD = "gnu++14";
				CLANG_CXX_LIBRARY = "libc++";
				CLANG_ENABLE_MODULES = YES;
				CLANG_ENABLE_OBJC_ARC = YES;
				CLANG_ENABLE_OBJC_WEAK = YES;
				CLANG_WARN_BLOCK_CAPTURE_AUTORELEASING = YES;
				CLANG_WARN_BOOL_CONVERSION = YES;
				CLANG_WARN_COMMA = YES;
				CLANG_WARN_CONSTANT_CONVERSION = YES;
				CLANG_WARN_DEPRECATED_OBJC_IMPLEMENTATIONS = YES;
				CLANG_WARN_DIRECT_OBJC_ISA_USAGE = YES_ERROR;
				CLANG_WARN_DOCUMENTATION_COMMENTS = YES;
				CLANG_WARN_EMPTY_BODY = YES;
				CLANG_WARN_ENUM_CONVERSION = YES;
				CLANG_WARN_INFINITE_RECURSION = YES;
				CLANG_WARN_INT_CONVERSION = YES;
				CLANG_WARN_NON_LITERAL_NULL_CONVERSION = YES;
				CLANG_WARN_OBJC_IMPLICIT_RETAIN_SELF = YES;
				CLANG_WARN_OBJC_LITERAL_CONVERSION = YES;
				CLANG_WARN_OBJC_ROOT_CLASS = YES_ERROR;
				CLANG_WARN_RANGE_LOOP_ANALYSIS = YES;
				CLANG_WARN_STRICT_PROTOTYPES = YES;
				CLANG_WARN_SUSPICIOUS_MOVE = YES;
				CLANG_WARN_UNGUARDED_AVAILABILITY = YES_AGGRESSIVE;
				CLANG_WARN_UNREACHABLE_CODE = YES;
				CLANG_WARN__DUPLICATE_METHOD_MATCH = YES;
				COPY_PHASE_STRIP = NO;
				DEBUG_INFORMATION_FORMAT = dwarf;
				ENABLE_STRICT_OBJC_MSGSEND = YES;
				ENABLE_TESTABILITY = YES;
				GCC_C_LANGUAGE_STANDARD = gnu11;
				GCC_DYNAMIC_NO_PIC = NO;
				GCC_NO_COMMON_BLOCKS = YES;
				GCC_OPTIMIZATION_LEVEL = 0;
				GCC_PREPROCESSOR_DEFINITIONS = (
					"DEBUG=1",
					"$(inherited)",
				);
				GCC_WARN_64_TO_32_BIT_CONVERSION = YES;
				GCC_WARN_ABOUT_RETURN_TYPE = YES_ERROR;
				GCC_WARN_UNDECLARED_SELECTOR = YES;
				GCC_WARN_UNINITIALIZED_AUTOS = YES_AGGRESSIVE;
				GCC_WARN_UNUSED_FUNCTION = YES;
				GCC_WARN_UNUSED_VARIABLE = YES;
				IPHONEOS_DEPLOYMENT_TARGET = 13.5;
				MTL_ENABLE_DEBUG_INFO = INCLUDE_SOURCE;
				MTL_FAST_MATH = YES;
				ONLY_ACTIVE_ARCH = YES;
				SDKROOT = iphoneos;
				SWIFT_ACTIVE_COMPILATION_CONDITIONS = DEBUG;
				SWIFT_OPTIMIZATION_LEVEL = "-Onone";
			};
			name = Debug;
		};
		EA667B932490BAE900BFF0BA /* Release */ = {
			isa = XCBuildConfiguration;
			buildSettings = {
				ALWAYS_SEARCH_USER_PATHS = NO;
				CLANG_ANALYZER_NONNULL = YES;
				CLANG_ANALYZER_NUMBER_OBJECT_CONVERSION = YES_AGGRESSIVE;
				CLANG_CXX_LANGUAGE_STANDARD = "gnu++14";
				CLANG_CXX_LIBRARY = "libc++";
				CLANG_ENABLE_MODULES = YES;
				CLANG_ENABLE_OBJC_ARC = YES;
				CLANG_ENABLE_OBJC_WEAK = YES;
				CLANG_WARN_BLOCK_CAPTURE_AUTORELEASING = YES;
				CLANG_WARN_BOOL_CONVERSION = YES;
				CLANG_WARN_COMMA = YES;
				CLANG_WARN_CONSTANT_CONVERSION = YES;
				CLANG_WARN_DEPRECATED_OBJC_IMPLEMENTATIONS = YES;
				CLANG_WARN_DIRECT_OBJC_ISA_USAGE = YES_ERROR;
				CLANG_WARN_DOCUMENTATION_COMMENTS = YES;
				CLANG_WARN_EMPTY_BODY = YES;
				CLANG_WARN_ENUM_CONVERSION = YES;
				CLANG_WARN_INFINITE_RECURSION = YES;
				CLANG_WARN_INT_CONVERSION = YES;
				CLANG_WARN_NON_LITERAL_NULL_CONVERSION = YES;
				CLANG_WARN_OBJC_IMPLICIT_RETAIN_SELF = YES;
				CLANG_WARN_OBJC_LITERAL_CONVERSION = YES;
				CLANG_WARN_OBJC_ROOT_CLASS = YES_ERROR;
				CLANG_WARN_RANGE_LOOP_ANALYSIS = YES;
				CLANG_WARN_STRICT_PROTOTYPES = YES;
				CLANG_WARN_SUSPICIOUS_MOVE = YES;
				CLANG_WARN_UNGUARDED_AVAILABILITY = YES_AGGRESSIVE;
				CLANG_WARN_UNREACHABLE_CODE = YES;
				CLANG_WARN__DUPLICATE_METHOD_MATCH = YES;
				COPY_PHASE_STRIP = NO;
				DEBUG_INFORMATION_FORMAT = "dwarf-with-dsym";
				ENABLE_NS_ASSERTIONS = NO;
				ENABLE_STRICT_OBJC_MSGSEND = YES;
				GCC_C_LANGUAGE_STANDARD = gnu11;
				GCC_NO_COMMON_BLOCKS = YES;
				GCC_WARN_64_TO_32_BIT_CONVERSION = YES;
				GCC_WARN_ABOUT_RETURN_TYPE = YES_ERROR;
				GCC_WARN_UNDECLARED_SELECTOR = YES;
				GCC_WARN_UNINITIALIZED_AUTOS = YES_AGGRESSIVE;
				GCC_WARN_UNUSED_FUNCTION = YES;
				GCC_WARN_UNUSED_VARIABLE = YES;
				IPHONEOS_DEPLOYMENT_TARGET = 13.5;
				MTL_ENABLE_DEBUG_INFO = NO;
				MTL_FAST_MATH = YES;
				SDKROOT = iphoneos;
				SWIFT_COMPILATION_MODE = wholemodule;
				SWIFT_OPTIMIZATION_LEVEL = "-O";
				VALIDATE_PRODUCT = YES;
			};
			name = Release;
		};
		EA667B952490BAE900BFF0BA /* Debug */ = {
			isa = XCBuildConfiguration;
			baseConfigurationReference = 0C1793D656EF8501264F9719 /* Pods-kingFisherPrac.debug.xcconfig */;
			buildSettings = {
				ASSETCATALOG_COMPILER_APPICON_NAME = AppIcon;
				CODE_SIGN_STYLE = Automatic;
				DEVELOPMENT_TEAM = L2VUB7Y3L2;
				INFOPLIST_FILE = kingFisherPrac/Info.plist;
				LD_RUNPATH_SEARCH_PATHS = (
					"$(inherited)",
					"@executable_path/Frameworks",
				);
				PRODUCT_BUNDLE_IDENTIFIER = KSW.kingFisherPrac;
				PRODUCT_NAME = "$(TARGET_NAME)";
				SWIFT_VERSION = 5.0;
				TARGETED_DEVICE_FAMILY = "1,2";
			};
			name = Debug;
		};
		EA667B962490BAE900BFF0BA /* Release */ = {
			isa = XCBuildConfiguration;
			baseConfigurationReference = EAB8D2D59215AF9771EA09B6 /* Pods-kingFisherPrac.release.xcconfig */;
			buildSettings = {
				ASSETCATALOG_COMPILER_APPICON_NAME = AppIcon;
				CODE_SIGN_STYLE = Automatic;
				DEVELOPMENT_TEAM = L2VUB7Y3L2;
				INFOPLIST_FILE = kingFisherPrac/Info.plist;
				LD_RUNPATH_SEARCH_PATHS = (
					"$(inherited)",
					"@executable_path/Frameworks",
				);
				PRODUCT_BUNDLE_IDENTIFIER = KSW.kingFisherPrac;
				PRODUCT_NAME = "$(TARGET_NAME)";
				SWIFT_VERSION = 5.0;
				TARGETED_DEVICE_FAMILY = "1,2";
			};
			name = Release;
		};
/* End XCBuildConfiguration section */

/* Begin XCConfigurationList section */
		EA667B7B2490BAE900BFF0BA /* Build configuration list for PBXProject "kingFisherPrac" */ = {
			isa = XCConfigurationList;
			buildConfigurations = (
				EA667B922490BAE900BFF0BA /* Debug */,
				EA667B932490BAE900BFF0BA /* Release */,
			);
			defaultConfigurationIsVisible = 0;
			defaultConfigurationName = Release;
		};
		EA667B942490BAE900BFF0BA /* Build configuration list for PBXNativeTarget "kingFisherPrac" */ = {
			isa = XCConfigurationList;
			buildConfigurations = (
				EA667B952490BAE900BFF0BA /* Debug */,
				EA667B962490BAE900BFF0BA /* Release */,
			);
			defaultConfigurationIsVisible = 0;
			defaultConfigurationName = Release;
		};
/* End XCConfigurationList section */
	};
	rootObject = EA667B782490BAE900BFF0BA /* Project object */;
}
